
Microsoft Visual Studio Solution File, Format Version 12.00
# Visual Studio Version 17
VisualStudioVersion = 17.8.34525.116
MinimumVisualStudioVersion = 10.0.40219.1
Project("{FAE04EC0-301F-11D3-BF4B-00C04F79EFBC}") = "VivesBlog", "VivesBlog.csproj", "{1360058B-E1FD-44FA-B80A-9A2348A6345B}"
EndProject
Global
	GlobalSection(SolutionConfigurationPlatforms) = preSolution
		Debug|Any CPU = Debug|Any CPU
		Release|Any CPU = Release|Any CPU
	EndGlobalSection
	GlobalSection(ProjectConfigurationPlatforms) = postSolution
		{1360058B-E1FD-44FA-B80A-9A2348A6345B}.Debug|Any CPU.ActiveCfg = Debug|Any CPU
		{1360058B-E1FD-44FA-B80A-9A2348A6345B}.Debug|Any CPU.Build.0 = Debug|Any CPU
		{1360058B-E1FD-44FA-B80A-9A2348A6345B}.Release|Any CPU.ActiveCfg = Release|Any CPU
		{1360058B-E1FD-44FA-B80A-9A2348A6345B}.Release|Any CPU.Build.0 = Release|Any CPU
	EndGlobalSection
	GlobalSection(SolutionProperties) = preSolution
		HideSolutionNode = FALSE
	EndGlobalSection
	GlobalSection(ExtensibilityGlobals) = postSolution
		SolutionGuid = {CD0F6C88-5888-4DBA-AB0A-8681F42F6294}
	EndGlobalSection
EndGlobal
